// !$*UTF8*$!
{
	archiveVersion = 1;
	classes = {
	};
	objectVersion = 50;
	objects = {

/* Begin PBXBuildFile section */
		1893FB89219490A1002FB251 /* AppDelegate.m in Sources */ = {isa = PBXBuildFile; fileRef = 1893FB88219490A1002FB251 /* AppDelegate.m */; };
		1893FB8C219490A1002FB251 /* ViewController.m in Sources */ = {isa = PBXBuildFile; fileRef = 1893FB8B219490A1002FB251 /* ViewController.m */; };
		1893FB8F219490A1002FB251 /* Main.storyboard in Resources */ = {isa = PBXBuildFile; fileRef = 1893FB8D219490A1002FB251 /* Main.storyboard */; };
		1893FB91219490A4002FB251 /* Assets.xcassets in Resources */ = {isa = PBXBuildFile; fileRef = 1893FB90219490A4002FB251 /* Assets.xcassets */; };
		1893FB94219490A4002FB251 /* LaunchScreen.storyboard in Resources */ = {isa = PBXBuildFile; fileRef = 1893FB92219490A4002FB251 /* LaunchScreen.storyboard */; };
		1893FB97219490A4002FB251 /* main.m in Sources */ = {isa = PBXBuildFile; fileRef = 1893FB96219490A4002FB251 /* main.m */; };
/* End PBXBuildFile section */

/* Begin PBXFileReference section */
		1893FB84219490A1002FB251 /* GCAccessAuthorityView.app */ = {isa = PBXFileReference; explicitFileType = wrapper.application; includeInIndex = 0; path = GCAccessAuthorityView.app; sourceTree = BUILT_PRODUCTS_DIR; };
		1893FB87219490A1002FB251 /* AppDelegate.h */ = {isa = PBXFileReference; lastKnownFileType = sourcecode.c.h; path = AppDelegate.h; sourceTree = "<group>"; };
		1893FB88219490A1002FB251 /* AppDelegate.m */ = {isa = PBXFileReference; lastKnownFileType = sourcecode.c.objc; path = AppDelegate.m; sourceTree = "<group>"; };
		1893FB8A219490A1002FB251 /* ViewController.h */ = {isa = PBXFileReference; lastKnownFileType = sourcecode.c.h; path = ViewController.h; sourceTree = "<group>"; };
		1893FB8B219490A1002FB251 /* ViewController.m */ = {isa = PBXFileReference; lastKnownFileType = sourcecode.c.objc; path = ViewController.m; sourceTree = "<group>"; };
		1893FB8E219490A1002FB251 /* Base */ = {isa = PBXFileReference; lastKnownFileType = file.storyboard; name = Base; path = Base.lproj/Main.storyboard; sourceTree = "<group>"; };
		1893FB90219490A4002FB251 /* Assets.xcassets */ = {isa = PBXFileReference; lastKnownFileType = folder.assetcatalog; path = Assets.xcassets; sourceTree = "<group>"; };
		1893FB93219490A4002FB251 /* Base */ = {isa = PBXFileReference; lastKnownFileType = file.storyboard; name = Base; path = Base.lproj/LaunchScreen.storyboard; sourceTree = "<group>"; };
		1893FB95219490A4002FB251 /* Info.plist */ = {isa = PBXFileReference; lastKnownFileType = text.plist.xml; path = Info.plist; sourceTree = "<group>"; };
		1893FB96219490A4002FB251 /* main.m */ = {isa = PBXFileReference; lastKnownFileType = sourcecode.c.objc; path = main.m; sourceTree = "<group>"; };
/* End PBXFileReference section */

/* Begin PBXFrameworksBuildPhase section */
		1893FB81219490A1002FB251 /* Frameworks */ = {
			isa = PBXFrameworksBuildPhase;
			buildActionMask = 2147483647;
			files = (
			);
			runOnlyForDeploymentPostprocessing = 0;
		};
/* End PBXFrameworksBuildPhase section */

/* Begin PBXGroup section */
		1893FB7B219490A1002FB251 = {
			isa = PBXGroup;
			children = (
				1893FB86219490A1002FB251 /* GCAccessAuthorityView */,
				1893FB85219490A1002FB251 /* Products */,
			);
			sourceTree = "<group>";
		};
		1893FB85219490A1002FB251 /* Products */ = {
			isa = PBXGroup;
			children = (
				1893FB84219490A1002FB251 /* GCAccessAuthorityView.app */,
			);
			name = Products;
			sourceTree = "<group>";
		};
		1893FB86219490A1002FB251 /* GCAccessAuthorityView */ = {
			isa = PBXGroup;
			children = (
				1893FB87219490A1002FB251 /* AppDelegate.h */,
				1893FB88219490A1002FB251 /* AppDelegate.m */,
				1893FB8A219490A1002FB251 /* ViewController.h */,
				1893FB8B219490A1002FB251 /* ViewController.m */,
				1893FB8D219490A1002FB251 /* Main.storyboard */,
				1893FB90219490A4002FB251 /* Assets.xcassets */,
				1893FB92219490A4002FB251 /* LaunchScreen.storyboard */,
				1893FB95219490A4002FB251 /* Info.plist */,
				1893FB96219490A4002FB251 /* main.m */,
			);
			path = GCAccessAuthorityView;
			sourceTree = "<group>";
		};
/* End PBXGroup section */

/* Begin PBXNativeTarget section */
		1893FB83219490A1002FB251 /* GCAccessAuthorityView */ = {
			isa = PBXNativeTarget;
			buildConfigurationList = 1893FB9A219490A4002FB251 /* Build configuration list for PBXNativeTarget "GCAccessAuthorityView" */;
			buildPhases = (
				1893FB80219490A1002FB251 /* Sources */,
				1893FB81219490A1002FB251 /* Frameworks */,
				1893FB82219490A1002FB251 /* Resources */,
			);
			buildRules = (
			);
			dependencies = (
			);
			name = GCAccessAuthorityView;
			productName = GCAccessAuthorityView;
			productReference = 1893FB84219490A1002FB251 /* GCAccessAuthorityView.app */;
			productType = "com.apple.product-type.application";
		};
/* End PBXNativeTarget section */

/* Begin PBXProject section */
		1893FB7C219490A1002FB251 /* Project object */ = {
			isa = PBXProject;
			attributes = {
				LastUpgradeCheck = 0940;
				ORGANIZATIONNAME = sunflower;
				TargetAttributes = {
					1893FB83219490A1002FB251 = {
						CreatedOnToolsVersion = 9.4.1;
					};
				};
			};
			buildConfigurationList = 1893FB7F219490A1002FB251 /* Build configuration list for PBXProject "GCAccessAuthorityView" */;
			compatibilityVersion = "Xcode 9.3";
			developmentRegion = en;
			hasScannedForEncodings = 0;
			knownRegions = (
				en,
				Base,
			);
			mainGroup = 1893FB7B219490A1002FB251;
			productRefGroup = 1893FB85219490A1002FB251 /* Products */;
			projectDirPath = "";
			projectRoot = "";
			targets = (
				1893FB83219490A1002FB251 /* GCAccessAuthorityView */,
			);
		};
/* End PBXProject section */

/* Begin PBXResourcesBuildPhase section */
		1893FB82219490A1002FB251 /* Resources */ = {
			isa = PBXResourcesBuildPhase;
			buildActionMask = 2147483647;
			files = (
				1893FB94219490A4002FB251 /* LaunchScreen.storyboard in Resources */,
				1893FB91219490A4002FB251 /* Assets.xcassets in Resources */,
				1893FB8F219490A1002FB251 /* Main.storyboard in Resources */,
			);
			runOnlyForDeploymentPostprocessing = 0;
		};
/* End PBXResourcesBuildPhase section */

/* Begin PBXSourcesBuildPhase section */
		1893FB80219490A1002FB251 /* Sources */ = {
			isa = PBXSourcesBuildPhase;
			buildActionMask = 2147483647;
			files = (
				1893FB8C219490A1002FB251 /* ViewController.m in Sources */,
				1893FB97219490A4002FB251 /* main.m in Sources */,
				1893FB89219490A1002FB251 /* AppDelegate.m in Sources */,
			);
			runOnlyForDeploymentPostprocessing = 0;
		};
/* End PBXSourcesBuildPhase section */

/* Begin PBXVariantGroup section */
		1893FB8D219490A1002FB251 /* Main.storyboard */ = {
			isa = PBXVariantGroup;
			children = (
				1893FB8E219490A1002FB251 /* Base */,
			);
			name = Main.storyboard;
			sourceTree = "<group>";
		};
		1893FB92219490A4002FB251 /* LaunchScreen.storyboard */ = {
			isa = PBXVariantGroup;
			children = (
				1893FB93219490A4002FB251 /* Base */,
			);
			name = LaunchScreen.storyboard;
			sourceTree = "<group>";
		};
/* End PBXVariantGroup section */

/* Begin XCBuildConfiguration section */
		1893FB98219490A4002FB251 /* Debug */ = {
			isa = XCBuildConfiguration;
			buildSettings = {
				ALWAYS_SEARCH_USER_PATHS = NO;
				CLANG_ANALYZER_NONNULL = YES;
				CLANG_ANALYZER_NUMBER_OBJECT_CONVERSION = YES_AGGRESSIVE;
				CLANG_CXX_LANGUAGE_STANDARD = "gnu++14";
				CLANG_CXX_LIBRARY = "libc++";
				CLANG_ENABLE_MODULES = YES;
				CLANG_ENABLE_OBJC_ARC = YES;
				CLANG_ENABLE_OBJC_WEAK = YES;
				CLANG_WARN_BLOCK_CAPTURE_AUTORELEASING = YES;
				CLANG_WARN_BOOL_CONVERSION = YES;
				CLANG_WARN_COMMA = YES;
				CLANG_WARN_CONSTANT_CONVERSION = YES;
				CLANG_WARN_DEPRECATED_OBJC_IMPLEMENTATIONS = YES;
				CLANG_WARN_DIRECT_OBJC_ISA_USAGE = YES_ERROR;
				CLANG_WARN_DOCUMENTATION_COMMENTS = YES;
				CLANG_WARN_EMPTY_BODY = YES;
				CLANG_WARN_ENUM_CONVERSION = YES;
				CLANG_WARN_INFINITE_RECURSION = YES;
				CLANG_WARN_INT_CONVERSION = YES;
				CLANG_WARN_NON_LITERAL_NULL_CONVERSION = YES;
				CLANG_WARN_OBJC_IMPLICIT_RETAIN_SELF = YES;
				CLANG_WARN_OBJC_LITERAL_CONVERSION = YES;
				CLANG_WARN_OBJC_ROOT_CLASS = YES_ERROR;
				CLANG_WARN_RANGE_LOOP_ANALYSIS = YES;
				CLANG_WARN_STRICT_PROTOTYPES = YES;
				CLANG_WARN_SUSPICIOUS_MOVE = YES;
				CLANG_WARN_UNGUARDED_AVAILABILITY = YES_AGGRESSIVE;
				CLANG_WARN_UNREACHABLE_CODE = YES;
				CLANG_WARN__DUPLICATE_METHOD_MATCH = YES;
				CODE_SIGN_IDENTITY = "iPhone Developer";
				COPY_PHASE_STRIP = NO;
				DEBUG_INFORMATION_FORMAT = dwarf;
				ENABLE_STRICT_OBJC_MSGSEND = YES;
				ENABLE_TESTABILITY = YES;
				GCC_C_LANGUAGE_STANDARD = gnu11;
				GCC_DYNAMIC_NO_PIC = NO;
				GCC_NO_COMMON_BLOCKS = YES;
				GCC_OPTIMIZATION_LEVEL = 0;
				GCC_PREPROCESSOR_DEFINITIONS = (
					"DEBUG=1",
					"$(inherited)",
				);
				GCC_WARN_64_TO_32_BIT_CONVERSION = YES;
				GCC_WARN_ABOUT_RETURN_TYPE = YES_ERROR;
				GCC_WARN_UNDECLARED_SELECTOR = YES;
				GCC_WARN_UNINITIALIZED_AUTOS = YES_AGGRESSIVE;
				GCC_WARN_UNUSED_FUNCTION = YES;
				GCC_WARN_UNUSED_VARIABLE = YES;
				IPHONEOS_DEPLOYMENT_TARGET = 11.4;
				MTL_ENABLE_DEBUG_INFO = YES;
				ONLY_ACTIVE_ARCH = YES;
				SDKROOT = iphoneos;
			};
			name = Debug;
		};
		1893FB99219490A4002FB251 /* Release */ = {
			isa = XCBuildConfiguration;
			buildSettings = {
				ALWAYS_SEARCH_USER_PATHS = NO;
				CLANG_ANALYZER_NONNULL = YES;
				CLANG_ANALYZER_NUMBER_OBJECT_CONVERSION = YES_AGGRESSIVE;
				CLANG_CXX_LANGUAGE_STANDARD = "gnu++14";
				CLANG_CXX_LIBRARY = "libc++";
				CLANG_ENABLE_MODULES = YES;
				CLANG_ENABLE_OBJC_ARC = YES;
				CLANG_ENABLE_OBJC_WEAK = YES;
				CLANG_WARN_BLOCK_CAPTURE_AUTORELEASING = YES;
				CLANG_WARN_BOOL_CONVERSION = YES;
				CLANG_WARN_COMMA = YES;
				CLANG_WARN_CONSTANT_CONVERSION = YES;
				CLANG_WARN_DEPRECATED_OBJC_IMPLEMENTATIONS = YES;
				CLANG_WARN_DIRECT_OBJC_ISA_USAGE = YES_ERROR;
				CLANG_WARN_DOCUMENTATION_COMMENTS = YES;
				CLANG_WARN_EMPTY_BODY = YES;
				CLANG_WARN_ENUM_CONVERSION = YES;
				CLANG_WARN_INFINITE_RECURSION = YES;
				CLANG_WARN_INT_CONVERSION = YES;
				CLANG_WARN_NON_LITERAL_NULL_CONVERSION = YES;
				CLANG_WARN_OBJC_IMPLICIT_RETAIN_SELF = YES;
				CLANG_WARN_OBJC_LITERAL_CONVERSION = YES;
				CLANG_WARN_OBJC_ROOT_CLASS = YES_ERROR;
				CLANG_WARN_RANGE_LOOP_ANALYSIS = YES;
				CLANG_WARN_STRICT_PROTOTYPES = YES;
				CLANG_WARN_SUSPICIOUS_MOVE = YES;
				CLANG_WARN_UNGUARDED_AVAILABILITY = YES_AGGRESSIVE;
				CLANG_WARN_UNREACHABLE_CODE = YES;
				CLANG_WARN__DUPLICATE_METHOD_MATCH = YES;
				CODE_SIGN_IDENTITY = "iPhone Developer";
				COPY_PHASE_STRIP = NO;
				DEBUG_INFORMATION_FORMAT = "dwarf-with-dsym";
				ENABLE_NS_ASSERTIONS = NO;
				ENABLE_STRICT_OBJC_MSGSEND = YES;
				GCC_C_LANGUAGE_STANDARD = gnu11;
				GCC_NO_COMMON_BLOCKS = YES;
				GCC_WARN_64_TO_32_BIT_CONVERSION = YES;
				GCC_WARN_ABOUT_RETURN_TYPE = YES_ERROR;
				GCC_WARN_UNDECLARED_SELECTOR = YES;
				GCC_WARN_UNINITIALIZED_AUTOS = YES_AGGRESSIVE;
				GCC_WARN_UNUSED_FUNCTION = YES;
				GCC_WARN_UNUSED_VARIABLE = YES;
				IPHONEOS_DEPLOYMENT_TARGET = 11.4;
				MTL_ENABLE_DEBUG_INFO = NO;
				SDKROOT = iphoneos;
				VALIDATE_PRODUCT = YES;
			};
			name = Release;
		};
		1893FB9B219490A4002FB251 /* Debug */ = {
			isa = XCBuildConfiguration;
			buildSettings = {
				ASSETCATALOG_COMPILER_APPICON_NAME = AppIcon;
				CODE_SIGN_STYLE = Automatic;
				DEVELOPMENT_TEAM = PR8NSTC254;
				INFOPLIST_FILE = GCAccessAuthorityView/Info.plist;
				LD_RUNPATH_SEARCH_PATHS = (
					"$(inherited)",
					"@executable_path/Frameworks",
				);
				PRODUCT_BUNDLE_IDENTIFIER = com.sunflower.GCAccessAuthorityView;
				PRODUCT_NAME = "$(TARGET_NAME)";
				TARGETED_DEVICE_FAMILY = "1,2";
			};
			name = Debug;
		};
		1893FB9C219490A4002FB251 /* Release */ = {
			isa = XCBuildConfiguration;
			buildSettings = {
				ASSETCATALOG_COMPILER_APPICON_NAME = AppIcon;
				CODE_SIGN_STYLE = Automatic;
				DEVELOPMENT_TEAM = PR8NSTC254;
				INFOPLIST_FILE = GCAccessAuthorityView/Info.plist;
				LD_RUNPATH_SEARCH_PATHS = (
					"$(inherited)",
					"@executable_path/Frameworks",
				);
				PRODUCT_BUNDLE_IDENTIFIER = com.sunflower.GCAccessAuthorityView;
				PRODUCT_NAME = "$(TARGET_NAME)";
				TARGETED_DEVICE_FAMILY = "1,2";
			};
			name = Release;
		};
/* End XCBuildConfiguration section */

/* Begin XCConfigurationList section */
		1893FB7F219490A1002FB251 /* Build configuration list for PBXProject "GCAccessAuthorityView" */ = {
			isa = XCConfigurationList;
			buildConfigurations = (
				1893FB98219490A4002FB251 /* Debug */,
				1893FB99219490A4002FB251 /* Release */,
			);
			defaultConfigurationIsVisible = 0;
			defaultConfigurationName = Release;
		};
		1893FB9A219490A4002FB251 /* Build configuration list for PBXNativeTarget "GCAccessAuthorityView" */ = {
			isa = XCConfigurationList;
			buildConfigurations = (
				1893FB9B219490A4002FB251 /* Debug */,
				1893FB9C219490A4002FB251 /* Release */,
			);
			defaultConfigurationIsVisible = 0;
			defaultConfigurationName = Release;
		};
/* End XCConfigurationList section */
	};
	rootObject = 1893FB7C219490A1002FB251 /* Project object */;
}
